// !$*UTF8*$!
{
	archiveVersion = 1;
	classes = {
	};
	objectVersion = 46;
	objects = {

/* Begin PBXBuildFile section */
		60692D9E1A6043A900756C66 /* main.m in Sources */ = {isa = PBXBuildFile; fileRef = 60692D9D1A6043A900756C66 /* main.m */; };
		60692DA11A6043A900756C66 /* AppDelegate.m in Sources */ = {isa = PBXBuildFile; fileRef = 60692DA01A6043A900756C66 /* AppDelegate.m */; };
		60692DA41A6043A900756C66 /* ViewController.m in Sources */ = {isa = PBXBuildFile; fileRef = 60692DA31A6043A900756C66 /* ViewController.m */; };
		60692DA71A6043A900756C66 /* Main.storyboard in Resources */ = {isa = PBXBuildFile; fileRef = 60692DA51A6043A900756C66 /* Main.storyboard */; };
		60692DA91A6043A900756C66 /* Images.xcassets in Resources */ = {isa = PBXBuildFile; fileRef = 60692DA81A6043A900756C66 /* Images.xcassets */; };
		60692DAC1A6043A900756C66 /* LaunchScreen.xib in Resources */ = {isa = PBXBuildFile; fileRef = 60692DAA1A6043A900756C66 /* LaunchScreen.xib */; };
		60692DB81A6043A900756C66 /* CodeChallenge1Tests.m in Sources */ = {isa = PBXBuildFile; fileRef = 60692DB71A6043A900756C66 /* CodeChallenge1Tests.m */; };
/* End PBXBuildFile section */

/* Begin PBXContainerItemProxy section */
		60692DB21A6043A900756C66 /* PBXContainerItemProxy */ = {
			isa = PBXContainerItemProxy;
			containerPortal = 60692D901A6043A900756C66 /* Project object */;
			proxyType = 1;
			remoteGlobalIDString = 60692D971A6043A900756C66;
			remoteInfo = CodeChallenge1;
		};
/* End PBXContainerItemProxy section */

/* Begin PBXFileReference section */
		60692D981A6043A900756C66 /* CodeChallenge1.app */ = {isa = PBXFileReference; explicitFileType = wrapper.application; includeInIndex = 0; path = CodeChallenge1.app; sourceTree = BUILT_PRODUCTS_DIR; };
		60692D9C1A6043A900756C66 /* Info.plist */ = {isa = PBXFileReference; lastKnownFileType = text.plist.xml; path = Info.plist; sourceTree = "<group>"; };
		60692D9D1A6043A900756C66 /* main.m */ = {isa = PBXFileReference; lastKnownFileType = sourcecode.c.objc; path = main.m; sourceTree = "<group>"; };
		60692D9F1A6043A900756C66 /* AppDelegate.h */ = {isa = PBXFileReference; lastKnownFileType = sourcecode.c.h; path = AppDelegate.h; sourceTree = "<group>"; };
		60692DA01A6043A900756C66 /* AppDelegate.m */ = {isa = PBXFileReference; lastKnownFileType = sourcecode.c.objc; path = AppDelegate.m; sourceTree = "<group>"; };
		60692DA21A6043A900756C66 /* ViewController.h */ = {isa = PBXFileReference; lastKnownFileType = sourcecode.c.h; path = ViewController.h; sourceTree = "<group>"; };
		60692DA31A6043A900756C66 /* ViewController.m */ = {isa = PBXFileReference; lastKnownFileType = sourcecode.c.objc; path = ViewController.m; sourceTree = "<group>"; };
		60692DA61A6043A900756C66 /* Base */ = {isa = PBXFileReference; lastKnownFileType = file.storyboard; name = Base; path = Base.lproj/Main.storyboard; sourceTree = "<group>"; };
		60692DA81A6043A900756C66 /* Images.xcassets */ = {isa = PBXFileReference; lastKnownFileType = folder.assetcatalog; path = Images.xcassets; sourceTree = "<group>"; };
		60692DAB1A6043A900756C66 /* Base */ = {isa = PBXFileReference; lastKnownFileType = file.xib; name = Base; path = Base.lproj/LaunchScreen.xib; sourceTree = "<group>"; };
		60692DB11A6043A900756C66 /* CodeChallenge1Tests.xctest */ = {isa = PBXFileReference; explicitFileType = wrapper.cfbundle; includeInIndex = 0; path = CodeChallenge1Tests.xctest; sourceTree = BUILT_PRODUCTS_DIR; };
		60692DB61A6043A900756C66 /* Info.plist */ = {isa = PBXFileReference; lastKnownFileType = text.plist.xml; path = Info.plist; sourceTree = "<group>"; };
		60692DB71A6043A900756C66 /* CodeChallenge1Tests.m */ = {isa = PBXFileReference; lastKnownFileType = sourcecode.c.objc; path = CodeChallenge1Tests.m; sourceTree = "<group>"; };
/* End PBXFileReference section */

/* Begin PBXFrameworksBuildPhase section */
		60692D951A6043A900756C66 /* Frameworks */ = {
			isa = PBXFrameworksBuildPhase;
			buildActionMask = 2147483647;
			files = (
			);
			runOnlyForDeploymentPostprocessing = 0;
		};
		60692DAE1A6043A900756C66 /* Frameworks */ = {
			isa = PBXFrameworksBuildPhase;
			buildActionMask = 2147483647;
			files = (
			);
			runOnlyForDeploymentPostprocessing = 0;
		};
/* End PBXFrameworksBuildPhase section */

/* Begin PBXGroup section */
		60692D8F1A6043A900756C66 = {
			isa = PBXGroup;
			children = (
				60692D9A1A6043A900756C66 /* CodeChallenge1 */,
				60692DB41A6043A900756C66 /* CodeChallenge1Tests */,
				60692D991A6043A900756C66 /* Products */,
			);
			sourceTree = "<group>";
		};
		60692D991A6043A900756C66 /* Products */ = {
			isa = PBXGroup;
			children = (
				60692D981A6043A900756C66 /* CodeChallenge1.app */,
				60692DB11A6043A900756C66 /* CodeChallenge1Tests.xctest */,
			);
			name = Products;
			sourceTree = "<group>";
		};
		60692D9A1A6043A900756C66 /* CodeChallenge1 */ = {
			isa = PBXGroup;
			children = (
				60692D9F1A6043A900756C66 /* AppDelegate.h */,
				60692DA01A6043A900756C66 /* AppDelegate.m */,
				60692DA21A6043A900756C66 /* ViewController.h */,
				60692DA31A6043A900756C66 /* ViewController.m */,
				60692DA51A6043A900756C66 /* Main.storyboard */,
				60692DA81A6043A900756C66 /* Images.xcassets */,
				60692DAA1A6043A900756C66 /* LaunchScreen.xib */,
				60692D9B1A6043A900756C66 /* Supporting Files */,
			);
			path = CodeChallenge1;
			sourceTree = "<group>";
		};
		60692D9B1A6043A900756C66 /* Supporting Files */ = {
			isa = PBXGroup;
			children = (
				60692D9C1A6043A900756C66 /* Info.plist */,
				60692D9D1A6043A900756C66 /* main.m */,
			);
			name = "Supporting Files";
			sourceTree = "<group>";
		};
		60692DB41A6043A900756C66 /* CodeChallenge1Tests */ = {
			isa = PBXGroup;
			children = (
				60692DB71A6043A900756C66 /* CodeChallenge1Tests.m */,
				60692DB51A6043A900756C66 /* Supporting Files */,
			);
			path = CodeChallenge1Tests;
			sourceTree = "<group>";
		};
		60692DB51A6043A900756C66 /* Supporting Files */ = {
			isa = PBXGroup;
			children = (
				60692DB61A6043A900756C66 /* Info.plist */,
			);
			name = "Supporting Files";
			sourceTree = "<group>";
		};
/* End PBXGroup section */

/* Begin PBXNativeTarget section */
		60692D971A6043A900756C66 /* CodeChallenge1 */ = {
			isa = PBXNativeTarget;
			buildConfigurationList = 60692DBB1A6043A900756C66 /* Build configuration list for PBXNativeTarget "CodeChallenge1" */;
			buildPhases = (
				60692D941A6043A900756C66 /* Sources */,
				60692D951A6043A900756C66 /* Frameworks */,
				60692D961A6043A900756C66 /* Resources */,
			);
			buildRules = (
			);
			dependencies = (
			);
			name = CodeChallenge1;
			productName = CodeChallenge1;
			productReference = 60692D981A6043A900756C66 /* CodeChallenge1.app */;
			productType = "com.apple.product-type.application";
		};
		60692DB01A6043A900756C66 /* CodeChallenge1Tests */ = {
			isa = PBXNativeTarget;
			buildConfigurationList = 60692DBE1A6043A900756C66 /* Build configuration list for PBXNativeTarget "CodeChallenge1Tests" */;
			buildPhases = (
				60692DAD1A6043A900756C66 /* Sources */,
				60692DAE1A6043A900756C66 /* Frameworks */,
				60692DAF1A6043A900756C66 /* Resources */,
			);
			buildRules = (
			);
			dependencies = (
				60692DB31A6043A900756C66 /* PBXTargetDependency */,
			);
			name = CodeChallenge1Tests;
			productName = CodeChallenge1Tests;
			productReference = 60692DB11A6043A900756C66 /* CodeChallenge1Tests.xctest */;
			productType = "com.apple.product-type.bundle.unit-test";
		};
/* End PBXNativeTarget section */

/* Begin PBXProject section */
		60692D901A6043A900756C66 /* Project object */ = {
			isa = PBXProject;
			attributes = {
				LastUpgradeCheck = 0610;
				ORGANIZATIONNAME = "Yi-Chin Sun";
				TargetAttributes = {
					60692D971A6043A900756C66 = {
						CreatedOnToolsVersion = 6.1.1;
					};
					60692DB01A6043A900756C66 = {
						CreatedOnToolsVersion = 6.1.1;
						TestTargetID = 60692D971A6043A900756C66;
					};
				};
			};
			buildConfigurationList = 60692D931A6043A900756C66 /* Build configuration list for PBXProject "CodeChallenge1" */;
			compatibilityVersion = "Xcode 3.2";
			developmentRegion = English;
			hasScannedForEncodings = 0;
			knownRegions = (
				en,
				Base,
			);
			mainGroup = 60692D8F1A6043A900756C66;
			productRefGroup = 60692D991A6043A900756C66 /* Products */;
			projectDirPath = "";
			projectRoot = "";
			targets = (
				60692D971A6043A900756C66 /* CodeChallenge1 */,
				60692DB01A6043A900756C66 /* CodeChallenge1Tests */,
			);
		};
/* End PBXProject section */

/* Begin PBXResourcesBuildPhase section */
		60692D961A6043A900756C66 /* Resources */ = {
			isa = PBXResourcesBuildPhase;
			buildActionMask = 2147483647;
			files = (
				60692DA71A6043A900756C66 /* Main.storyboard in Resources */,
				60692DAC1A6043A900756C66 /* LaunchScreen.xib in Resources */,
				60692DA91A6043A900756C66 /* Images.xcassets in Resources */,
			);
			runOnlyForDeploymentPostprocessing = 0;
		};
		60692DAF1A6043A900756C66 /* Resources */ = {
			isa = PBXResourcesBuildPhase;
			buildActionMask = 2147483647;
			files = (
			);
			runOnlyForDeploymentPostprocessing = 0;
		};
/* End PBXResourcesBuildPhase section */

/* Begin PBXSourcesBuildPhase section */
		60692D941A6043A900756C66 /* Sources */ = {
			isa = PBXSourcesBuildPhase;
			buildActionMask = 2147483647;
			files = (
				60692DA41A6043A900756C66 /* ViewController.m in Sources */,
				60692DA11A6043A900756C66 /* AppDelegate.m in Sources */,
				60692D9E1A6043A900756C66 /* main.m in Sources */,
			);
			runOnlyForDeploymentPostprocessing = 0;
		};
		60692DAD1A6043A900756C66 /* Sources */ = {
			isa = PBXSourcesBuildPhase;
			buildActionMask = 2147483647;
			files = (
				60692DB81A6043A900756C66 /* CodeChallenge1Tests.m in Sources */,
			);
			runOnlyForDeploymentPostprocessing = 0;
		};
/* End PBXSourcesBuildPhase section */

/* Begin PBXTargetDependency section */
		60692DB31A6043A900756C66 /* PBXTargetDependency */ = {
			isa = PBXTargetDependency;
			target = 60692D971A6043A900756C66 /* CodeChallenge1 */;
			targetProxy = 60692DB21A6043A900756C66 /* PBXContainerItemProxy */;
		};
/* End PBXTargetDependency section */

/* Begin PBXVariantGroup section */
		60692DA51A6043A900756C66 /* Main.storyboard */ = {
			isa = PBXVariantGroup;
			children = (
				60692DA61A6043A900756C66 /* Base */,
			);
			name = Main.storyboard;
			sourceTree = "<group>";
		};
		60692DAA1A6043A900756C66 /* LaunchScreen.xib */ = {
			isa = PBXVariantGroup;
			children = (
				60692DAB1A6043A900756C66 /* Base */,
			);
			name = LaunchScreen.xib;
			sourceTree = "<group>";
		};
/* End PBXVariantGroup section */

/* Begin XCBuildConfiguration section */
		60692DB91A6043A900756C66 /* Debug */ = {
			isa = XCBuildConfiguration;
			buildSettings = {
				ALWAYS_SEARCH_USER_PATHS = NO;
				CLANG_CXX_LANGUAGE_STANDARD = "gnu++0x";
				CLANG_CXX_LIBRARY = "libc++";
				CLANG_ENABLE_MODULES = YES;
				CLANG_ENABLE_OBJC_ARC = YES;
				CLANG_WARN_BOOL_CONVERSION = YES;
				CLANG_WARN_CONSTANT_CONVERSION = YES;
				CLANG_WARN_DIRECT_OBJC_ISA_USAGE = YES_ERROR;
				CLANG_WARN_EMPTY_BODY = YES;
				CLANG_WARN_ENUM_CONVERSION = YES;
				CLANG_WARN_INT_CONVERSION = YES;
				CLANG_WARN_OBJC_ROOT_CLASS = YES_ERROR;
				CLANG_WARN_UNREACHABLE_CODE = YES;
				CLANG_WARN__DUPLICATE_METHOD_MATCH = YES;
				"CODE_SIGN_IDENTITY[sdk=iphoneos*]" = "iPhone Developer";
				COPY_PHASE_STRIP = NO;
				ENABLE_STRICT_OBJC_MSGSEND = YES;
				GCC_C_LANGUAGE_STANDARD = gnu99;
				GCC_DYNAMIC_NO_PIC = NO;
				GCC_OPTIMIZATION_LEVEL = 0;
				GCC_PREPROCESSOR_DEFINITIONS = (
					"DEBUG=1",
					"$(inherited)",
				);
				GCC_SYMBOLS_PRIVATE_EXTERN = NO;
				GCC_WARN_64_TO_32_BIT_CONVERSION = YES;
				GCC_WARN_ABOUT_RETURN_TYPE = YES_ERROR;
				GCC_WARN_UNDECLARED_SELECTOR = YES;
				GCC_WARN_UNINITIALIZED_AUTOS = YES_AGGRESSIVE;
				GCC_WARN_UNUSED_FUNCTION = YES;
				GCC_WARN_UNUSED_VARIABLE = YES;
				IPHONEOS_DEPLOYMENT_TARGET = 8.1;
				MTL_ENABLE_DEBUG_INFO = YES;
				ONLY_ACTIVE_ARCH = YES;
				SDKROOT = iphoneos;
			};
			name = Debug;
		};
		60692DBA1A6043A900756C66 /* Release */ = {
			isa = XCBuildConfiguration;
			buildSettings = {
				ALWAYS_SEARCH_USER_PATHS = NO;
				CLANG_CXX_LANGUAGE_STANDARD = "gnu++0x";
				CLANG_CXX_LIBRARY = "libc++";
				CLANG_ENABLE_MODULES = YES;
				CLANG_ENABLE_OBJC_ARC = YES;
				CLANG_WARN_BOOL_CONVERSION = YES;
				CLANG_WARN_CONSTANT_CONVERSION = YES;
				CLANG_WARN_DIRECT_OBJC_ISA_USAGE = YES_ERROR;
				CLANG_WARN_EMPTY_BODY = YES;
				CLANG_WARN_ENUM_CONVERSION = YES;
				CLANG_WARN_INT_CONVERSION = YES;
				CLANG_WARN_OBJC_ROOT_CLASS = YES_ERROR;
				CLANG_WARN_UNREACHABLE_CODE = YES;
				CLANG_WARN__DUPLICATE_METHOD_MATCH = YES;
				"CODE_SIGN_IDENTITY[sdk=iphoneos*]" = "iPhone Developer";
				COPY_PHASE_STRIP = YES;
				ENABLE_NS_ASSERTIONS = NO;
				ENABLE_STRICT_OBJC_MSGSEND = YES;
				GCC_C_LANGUAGE_STANDARD = gnu99;
				GCC_WARN_64_TO_32_BIT_CONVERSION = YES;
				GCC_WARN_ABOUT_RETURN_TYPE = YES_ERROR;
				GCC_WARN_UNDECLARED_SELECTOR = YES;
				GCC_WARN_UNINITIALIZED_AUTOS = YES_AGGRESSIVE;
				GCC_WARN_UNUSED_FUNCTION = YES;
				GCC_WARN_UNUSED_VARIABLE = YES;
				IPHONEOS_DEPLOYMENT_TARGET = 8.1;
				MTL_ENABLE_DEBUG_INFO = NO;
				SDKROOT = iphoneos;
				VALIDATE_PRODUCT = YES;
			};
			name = Release;
		};
		60692DBC1A6043A900756C66 /* Debug */ = {
			isa = XCBuildConfiguration;
			buildSettings = {
				ASSETCATALOG_COMPILER_APPICON_NAME = AppIcon;
				INFOPLIST_FILE = CodeChallenge1/Info.plist;
				LD_RUNPATH_SEARCH_PATHS = "$(inherited) @executable_path/Frameworks";
				PRODUCT_NAME = "$(TARGET_NAME)";
			};
			name = Debug;
		};
		60692DBD1A6043A900756C66 /* Release */ = {
			isa = XCBuildConfiguration;
			buildSettings = {
				ASSETCATALOG_COMPILER_APPICON_NAME = AppIcon;
				INFOPLIST_FILE = CodeChallenge1/Info.plist;
				LD_RUNPATH_SEARCH_PATHS = "$(inherited) @executable_path/Frameworks";
				PRODUCT_NAME = "$(TARGET_NAME)";
			};
			name = Release;
		};
		60692DBF1A6043A900756C66 /* Debug */ = {
			isa = XCBuildConfiguration;
			buildSettings = {
				BUNDLE_LOADER = "$(TEST_HOST)";
				FRAMEWORK_SEARCH_PATHS = (
					"$(SDKROOT)/Developer/Library/Frameworks",
					"$(inherited)",
				);
				GCC_PREPROCESSOR_DEFINITIONS = (
					"DEBUG=1",
					"$(inherited)",
				);
				INFOPLIST_FILE = CodeChallenge1Tests/Info.plist;
				LD_RUNPATH_SEARCH_PATHS = "$(inherited) @executable_path/Frameworks @loader_path/Frameworks";
				PRODUCT_NAME = "$(TARGET_NAME)";
				TEST_HOST = "$(BUILT_PRODUCTS_DIR)/CodeChallenge1.app/CodeChallenge1";
			};
			name = Debug;
		};
		60692DC01A6043A900756C66 /* Release */ = {
			isa = XCBuildConfiguration;
			buildSettings = {
				BUNDLE_LOADER = "$(TEST_HOST)";
				FRAMEWORK_SEARCH_PATHS = (
					"$(SDKROOT)/Developer/Library/Frameworks",
					"$(inherited)",
				);
				INFOPLIST_FILE = CodeChallenge1Tests/Info.plist;
				LD_RUNPATH_SEARCH_PATHS = "$(inherited) @executable_path/Frameworks @loader_path/Frameworks";
				PRODUCT_NAME = "$(TARGET_NAME)";
				TEST_HOST = "$(BUILT_PRODUCTS_DIR)/CodeChallenge1.app/CodeChallenge1";
			};
			name = Release;
		};
/* End XCBuildConfiguration section */

/* Begin XCConfigurationList section */
		60692D931A6043A900756C66 /* Build configuration list for PBXProject "CodeChallenge1" */ = {
			isa = XCConfigurationList;
			buildConfigurations = (
				60692DB91A6043A900756C66 /* Debug */,
				60692DBA1A6043A900756C66 /* Release */,
			);
			defaultConfigurationIsVisible = 0;
			defaultConfigurationName = Release;
		};
		60692DBB1A6043A900756C66 /* Build configuration list for PBXNativeTarget "CodeChallenge1" */ = {
			isa = XCConfigurationList;
			buildConfigurations = (
				60692DBC1A6043A900756C66 /* Debug */,
				60692DBD1A6043A900756C66 /* Release */,
			);
			defaultConfigurationIsVisible = 0;
		};
		60692DBE1A6043A900756C66 /* Build configuration list for PBXNativeTarget "CodeChallenge1Tests" */ = {
			isa = XCConfigurationList;
			buildConfigurations = (
				60692DBF1A6043A900756C66 /* Debug */,
				60692DC01A6043A900756C66 /* Release */,
			);
			defaultConfigurationIsVisible = 0;
		};
/* End XCConfigurationList section */
	};
	rootObject = 60692D901A6043A900756C66 /* Project object */;
}
